
Microsoft Visual Studio Solution File, Format Version 12.00
# Visual Studio Version 16
VisualStudioVersion = 16.0.31005.135
MinimumVisualStudioVersion = 10.0.40219.1
Project("{FAE04EC0-301F-11D3-BF4B-00C04F79EFBC}") = "Entities", "Entities\Entities.csproj", "{D0B19A2D-D912-4E31-9E2B-6FDF94823B20}"
EndProject
Project("{FAE04EC0-301F-11D3-BF4B-00C04F79EFBC}") = "DataAccess", "DataAccess\DataAccess.csproj", "{0D75F06C-E03E-49EE-ABB8-2AD04671D5DA}"
EndProject
Project("{FAE04EC0-301F-11D3-BF4B-00C04F79EFBC}") = "Business", "Business\Business.csproj", "{7D60391A-99A7-4264-9F87-9A291A9E6E25}"
EndProject
Project("{FAE04EC0-301F-11D3-BF4B-00C04F79EFBC}") = "ConsoleUI", "ConsoleUI\ConsoleUI.csproj", "{8EB40BEC-757D-4252-A668-2C692FD46C1A}"
EndProject
Global
	GlobalSection(SolutionConfigurationPlatforms) = preSolution
		Debug|Any CPU = Debug|Any CPU
		Release|Any CPU = Release|Any CPU
	EndGlobalSection
	GlobalSection(ProjectConfigurationPlatforms) = postSolution
		{D0B19A2D-D912-4E31-9E2B-6FDF94823B20}.Debug|Any CPU.ActiveCfg = Debug|Any CPU
		{D0B19A2D-D912-4E31-9E2B-6FDF94823B20}.Debug|Any CPU.Build.0 = Debug|Any CPU
		{D0B19A2D-D912-4E31-9E2B-6FDF94823B20}.Release|Any CPU.ActiveCfg = Release|Any CPU
		{D0B19A2D-D912-4E31-9E2B-6FDF94823B20}.Release|Any CPU.Build.0 = Release|Any CPU
		{0D75F06C-E03E-49EE-ABB8-2AD04671D5DA}.Debug|Any CPU.ActiveCfg = Debug|Any CPU
		{0D75F06C-E03E-49EE-ABB8-2AD04671D5DA}.Debug|Any CPU.Build.0 = Debug|Any CPU
		{0D75F06C-E03E-49EE-ABB8-2AD04671D5DA}.Release|Any CPU.ActiveCfg = Release|Any CPU
		{0D75F06C-E03E-49EE-ABB8-2AD04671D5DA}.Release|Any CPU.Build.0 = Release|Any CPU
		{7D60391A-99A7-4264-9F87-9A291A9E6E25}.Debug|Any CPU.ActiveCfg = Debug|Any CPU
		{7D60391A-99A7-4264-9F87-9A291A9E6E25}.Debug|Any CPU.Build.0 = Debug|Any CPU
		{7D60391A-99A7-4264-9F87-9A291A9E6E25}.Release|Any CPU.ActiveCfg = Release|Any CPU
		{7D60391A-99A7-4264-9F87-9A291A9E6E25}.Release|Any CPU.Build.0 = Release|Any CPU
		{8EB40BEC-757D-4252-A668-2C692FD46C1A}.Debug|Any CPU.ActiveCfg = Debug|Any CPU
		{8EB40BEC-757D-4252-A668-2C692FD46C1A}.Debug|Any CPU.Build.0 = Debug|Any CPU
		{8EB40BEC-757D-4252-A668-2C692FD46C1A}.Release|Any CPU.ActiveCfg = Release|Any CPU
		{8EB40BEC-757D-4252-A668-2C692FD46C1A}.Release|Any CPU.Build.0 = Release|Any CPU
	EndGlobalSection
	GlobalSection(SolutionProperties) = preSolution
		HideSolutionNode = FALSE
	EndGlobalSection
	GlobalSection(ExtensibilityGlobals) = postSolution
		SolutionGuid = {5240D285-F8A5-4ED7-947C-6793FADF7021}
	EndGlobalSection
EndGlobal
